
Microsoft Visual Studio Solution File, Format Version 12.00
# Visual Studio Version 16
VisualStudioVersion = 16.0.30128.74
MinimumVisualStudioVersion = 10.0.40219.1
Project("{FAE04EC0-301F-11D3-BF4B-00C04F79EFBC}") = "Lab7_WCF_Client", "Lab7_WCF_Client\Lab7_WCF_Client.csproj", "{F6A0B669-DFF8-4E31-9842-70F7D9A74198}"
EndProject
Global
	GlobalSection(SolutionConfigurationPlatforms) = preSolution
		Debug|Any CPU = Debug|Any CPU
		Release|Any CPU = Release|Any CPU
	EndGlobalSection
	GlobalSection(ProjectConfigurationPlatforms) = postSolution
		{F6A0B669-DFF8-4E31-9842-70F7D9A74198}.Debug|Any CPU.ActiveCfg = Debug|Any CPU
		{F6A0B669-DFF8-4E31-9842-70F7D9A74198}.Debug|Any CPU.Build.0 = Debug|Any CPU
		{F6A0B669-DFF8-4E31-9842-70F7D9A74198}.Release|Any CPU.ActiveCfg = Release|Any CPU
		{F6A0B669-DFF8-4E31-9842-70F7D9A74198}.Release|Any CPU.Build.0 = Release|Any CPU
	EndGlobalSection
	GlobalSection(SolutionProperties) = preSolution
		HideSolutionNode = FALSE
	EndGlobalSection
	GlobalSection(ExtensibilityGlobals) = postSolution
		SolutionGuid = {C297E6D0-C1B2-40E5-B3F6-AA07DB3F6714}
	EndGlobalSection
EndGlobal
