
Microsoft Visual Studio Solution File, Format Version 12.00
# Visual Studio Version 16
VisualStudioVersion = 16.0.30128.74
MinimumVisualStudioVersion = 10.0.40219.1
Project("{FAE04EC0-301F-11D3-BF4B-00C04F79EFBC}") = "TestProj", "TestProj\TestProj.csproj", "{21F311A6-DF4B-4915-85C8-73AFAF3A3100}"
EndProject
Global
	GlobalSection(SolutionConfigurationPlatforms) = preSolution
		Debug|Any CPU = Debug|Any CPU
		Release|Any CPU = Release|Any CPU
	EndGlobalSection
	GlobalSection(ProjectConfigurationPlatforms) = postSolution
		{21F311A6-DF4B-4915-85C8-73AFAF3A3100}.Debug|Any CPU.ActiveCfg = Debug|Any CPU
		{21F311A6-DF4B-4915-85C8-73AFAF3A3100}.Debug|Any CPU.Build.0 = Debug|Any CPU
		{21F311A6-DF4B-4915-85C8-73AFAF3A3100}.Release|Any CPU.ActiveCfg = Release|Any CPU
		{21F311A6-DF4B-4915-85C8-73AFAF3A3100}.Release|Any CPU.Build.0 = Release|Any CPU
	EndGlobalSection
	GlobalSection(SolutionProperties) = preSolution
		HideSolutionNode = FALSE
	EndGlobalSection
	GlobalSection(ExtensibilityGlobals) = postSolution
		SolutionGuid = {CE50E20B-39D8-4565-B9E7-BD9404A87F57}
	EndGlobalSection
EndGlobal
