
Microsoft Visual Studio Solution File, Format Version 12.00
# Visual Studio Version 16
VisualStudioVersion = 16.0.30128.74
MinimumVisualStudioVersion = 10.0.40219.1
Project("{FAE04EC0-301F-11D3-BF4B-00C04F79EFBC}") = "Lab1", "Lab1\Lab1.csproj", "{68D83F7C-9B3B-4C71-85B0-75ACF3B3D988}"
EndProject
Global
	GlobalSection(SolutionConfigurationPlatforms) = preSolution
		Debug|Any CPU = Debug|Any CPU
		Release|Any CPU = Release|Any CPU
	EndGlobalSection
	GlobalSection(ProjectConfigurationPlatforms) = postSolution
		{68D83F7C-9B3B-4C71-85B0-75ACF3B3D988}.Debug|Any CPU.ActiveCfg = Debug|Any CPU
		{68D83F7C-9B3B-4C71-85B0-75ACF3B3D988}.Debug|Any CPU.Build.0 = Debug|Any CPU
		{68D83F7C-9B3B-4C71-85B0-75ACF3B3D988}.Release|Any CPU.ActiveCfg = Release|Any CPU
		{68D83F7C-9B3B-4C71-85B0-75ACF3B3D988}.Release|Any CPU.Build.0 = Release|Any CPU
	EndGlobalSection
	GlobalSection(SolutionProperties) = preSolution
		HideSolutionNode = FALSE
	EndGlobalSection
	GlobalSection(ExtensibilityGlobals) = postSolution
		SolutionGuid = {F2BCD549-AAA6-4E87-8CB7-EA800C253E78}
	EndGlobalSection
EndGlobal
