
Microsoft Visual Studio Solution File, Format Version 12.00
# Visual Studio Version 16
VisualStudioVersion = 16.0.30128.74
MinimumVisualStudioVersion = 10.0.40219.1
Project("{FAE04EC0-301F-11D3-BF4B-00C04F79EFBC}") = "Lab7", "Lab7\Lab7.csproj", "{89280173-11CB-4C3A-B2BF-F443FE8FE0A5}"
EndProject
Global
	GlobalSection(SolutionConfigurationPlatforms) = preSolution
		Debug|Any CPU = Debug|Any CPU
		Release|Any CPU = Release|Any CPU
	EndGlobalSection
	GlobalSection(ProjectConfigurationPlatforms) = postSolution
		{89280173-11CB-4C3A-B2BF-F443FE8FE0A5}.Debug|Any CPU.ActiveCfg = Debug|Any CPU
		{89280173-11CB-4C3A-B2BF-F443FE8FE0A5}.Debug|Any CPU.Build.0 = Debug|Any CPU
		{89280173-11CB-4C3A-B2BF-F443FE8FE0A5}.Release|Any CPU.ActiveCfg = Release|Any CPU
		{89280173-11CB-4C3A-B2BF-F443FE8FE0A5}.Release|Any CPU.Build.0 = Release|Any CPU
	EndGlobalSection
	GlobalSection(SolutionProperties) = preSolution
		HideSolutionNode = FALSE
	EndGlobalSection
	GlobalSection(ExtensibilityGlobals) = postSolution
		SolutionGuid = {F14EC049-3177-4407-BC5E-7A3C51EFED74}
	EndGlobalSection
EndGlobal
