
Microsoft Visual Studio Solution File, Format Version 12.00
# Visual Studio Version 16
VisualStudioVersion = 16.0.30128.74
MinimumVisualStudioVersion = 10.0.40219.1
Project("{FAE04EC0-301F-11D3-BF4B-00C04F79EFBC}") = "OtherTestWebApi", "OtherTestWebApi\OtherTestWebApi.csproj", "{8F4B8ACA-7689-40A2-93EF-1D8534F5217B}"
EndProject
Global
	GlobalSection(SolutionConfigurationPlatforms) = preSolution
		Debug|Any CPU = Debug|Any CPU
		Release|Any CPU = Release|Any CPU
	EndGlobalSection
	GlobalSection(ProjectConfigurationPlatforms) = postSolution
		{8F4B8ACA-7689-40A2-93EF-1D8534F5217B}.Debug|Any CPU.ActiveCfg = Debug|Any CPU
		{8F4B8ACA-7689-40A2-93EF-1D8534F5217B}.Debug|Any CPU.Build.0 = Debug|Any CPU
		{8F4B8ACA-7689-40A2-93EF-1D8534F5217B}.Release|Any CPU.ActiveCfg = Release|Any CPU
		{8F4B8ACA-7689-40A2-93EF-1D8534F5217B}.Release|Any CPU.Build.0 = Release|Any CPU
	EndGlobalSection
	GlobalSection(SolutionProperties) = preSolution
		HideSolutionNode = FALSE
	EndGlobalSection
	GlobalSection(ExtensibilityGlobals) = postSolution
		SolutionGuid = {56FC37D7-4D01-4187-81C3-78FBDB18DD57}
	EndGlobalSection
EndGlobal
