
Microsoft Visual Studio Solution File, Format Version 12.00
# Visual Studio Version 16
VisualStudioVersion = 16.0.30128.74
MinimumVisualStudioVersion = 10.0.40219.1
Project("{FAE04EC0-301F-11D3-BF4B-00C04F79EFBC}") = "Lab3", "Lab3\Lab3.csproj", "{EB915AE9-55DC-40B2-A89C-8BE46AAC1BC4}"
EndProject
Global
	GlobalSection(SolutionConfigurationPlatforms) = preSolution
		Debug|Any CPU = Debug|Any CPU
		Release|Any CPU = Release|Any CPU
	EndGlobalSection
	GlobalSection(ProjectConfigurationPlatforms) = postSolution
		{EB915AE9-55DC-40B2-A89C-8BE46AAC1BC4}.Debug|Any CPU.ActiveCfg = Debug|Any CPU
		{EB915AE9-55DC-40B2-A89C-8BE46AAC1BC4}.Debug|Any CPU.Build.0 = Debug|Any CPU
		{EB915AE9-55DC-40B2-A89C-8BE46AAC1BC4}.Release|Any CPU.ActiveCfg = Release|Any CPU
		{EB915AE9-55DC-40B2-A89C-8BE46AAC1BC4}.Release|Any CPU.Build.0 = Release|Any CPU
	EndGlobalSection
	GlobalSection(SolutionProperties) = preSolution
		HideSolutionNode = FALSE
	EndGlobalSection
	GlobalSection(ExtensibilityGlobals) = postSolution
		SolutionGuid = {01D618D1-2053-43A3-87C8-0FAD167EE0F3}
	EndGlobalSection
EndGlobal
