
Microsoft Visual Studio Solution File, Format Version 12.00
# Visual Studio Version 16
VisualStudioVersion = 16.0.30128.74
MinimumVisualStudioVersion = 10.0.40219.1
Project("{FAE04EC0-301F-11D3-BF4B-00C04F79EFBC}") = "Lab6", "Lab6\Lab6.csproj", "{6FE9E680-A8C0-49CF-8CF4-42A74CEDF715}"
EndProject
Project("{FAE04EC0-301F-11D3-BF4B-00C04F79EFBC}") = "JsonL", "JsonL\JsonL.csproj", "{B8289B59-8AD6-4F7E-A342-7BFB8889CDC1}"
EndProject
Project("{FAE04EC0-301F-11D3-BF4B-00C04F79EFBC}") = "SqlL", "SqlL\SqlL.csproj", "{AA10F8A2-CFDF-4C37-815B-E0BE6C4CFD78}"
EndProject
Global
	GlobalSection(SolutionConfigurationPlatforms) = preSolution
		Debug|Any CPU = Debug|Any CPU
		Release|Any CPU = Release|Any CPU
	EndGlobalSection
	GlobalSection(ProjectConfigurationPlatforms) = postSolution
		{6FE9E680-A8C0-49CF-8CF4-42A74CEDF715}.Debug|Any CPU.ActiveCfg = Debug|Any CPU
		{6FE9E680-A8C0-49CF-8CF4-42A74CEDF715}.Debug|Any CPU.Build.0 = Debug|Any CPU
		{6FE9E680-A8C0-49CF-8CF4-42A74CEDF715}.Release|Any CPU.ActiveCfg = Release|Any CPU
		{6FE9E680-A8C0-49CF-8CF4-42A74CEDF715}.Release|Any CPU.Build.0 = Release|Any CPU
		{B8289B59-8AD6-4F7E-A342-7BFB8889CDC1}.Debug|Any CPU.ActiveCfg = Debug|Any CPU
		{B8289B59-8AD6-4F7E-A342-7BFB8889CDC1}.Debug|Any CPU.Build.0 = Debug|Any CPU
		{B8289B59-8AD6-4F7E-A342-7BFB8889CDC1}.Release|Any CPU.ActiveCfg = Release|Any CPU
		{B8289B59-8AD6-4F7E-A342-7BFB8889CDC1}.Release|Any CPU.Build.0 = Release|Any CPU
		{AA10F8A2-CFDF-4C37-815B-E0BE6C4CFD78}.Debug|Any CPU.ActiveCfg = Debug|Any CPU
		{AA10F8A2-CFDF-4C37-815B-E0BE6C4CFD78}.Debug|Any CPU.Build.0 = Debug|Any CPU
		{AA10F8A2-CFDF-4C37-815B-E0BE6C4CFD78}.Release|Any CPU.ActiveCfg = Release|Any CPU
		{AA10F8A2-CFDF-4C37-815B-E0BE6C4CFD78}.Release|Any CPU.Build.0 = Release|Any CPU
	EndGlobalSection
	GlobalSection(SolutionProperties) = preSolution
		HideSolutionNode = FALSE
	EndGlobalSection
	GlobalSection(ExtensibilityGlobals) = postSolution
		SolutionGuid = {5951B079-3CA6-4AD5-A4CA-FC38F8F3758F}
	EndGlobalSection
EndGlobal
