
Microsoft Visual Studio Solution File, Format Version 12.00
# Visual Studio Version 16
VisualStudioVersion = 16.0.30128.74
MinimumVisualStudioVersion = 10.0.40219.1
Project("{FAE04EC0-301F-11D3-BF4B-00C04F79EFBC}") = "CoreHTTPStest", "CoreHTTPStest\CoreHTTPStest.csproj", "{2D8C1487-CA60-4BE6-89B5-801804238B08}"
EndProject
Global
	GlobalSection(SolutionConfigurationPlatforms) = preSolution
		Debug|Any CPU = Debug|Any CPU
		Release|Any CPU = Release|Any CPU
	EndGlobalSection
	GlobalSection(ProjectConfigurationPlatforms) = postSolution
		{2D8C1487-CA60-4BE6-89B5-801804238B08}.Debug|Any CPU.ActiveCfg = Debug|Any CPU
		{2D8C1487-CA60-4BE6-89B5-801804238B08}.Debug|Any CPU.Build.0 = Debug|Any CPU
		{2D8C1487-CA60-4BE6-89B5-801804238B08}.Release|Any CPU.ActiveCfg = Release|Any CPU
		{2D8C1487-CA60-4BE6-89B5-801804238B08}.Release|Any CPU.Build.0 = Release|Any CPU
	EndGlobalSection
	GlobalSection(SolutionProperties) = preSolution
		HideSolutionNode = FALSE
	EndGlobalSection
	GlobalSection(ExtensibilityGlobals) = postSolution
		SolutionGuid = {C6A7E422-DBF5-413E-8F96-074986CAAC9F}
	EndGlobalSection
EndGlobal
