
Microsoft Visual Studio Solution File, Format Version 12.00
# Visual Studio Version 16
VisualStudioVersion = 16.0.30128.74
MinimumVisualStudioVersion = 10.0.40219.1
Project("{FAE04EC0-301F-11D3-BF4B-00C04F79EFBC}") = "ClientAspWCF", "ClientAspWCF\ClientAspWCF.csproj", "{3815034A-7C8D-4A18-9835-44377BAA2152}"
EndProject
Global
	GlobalSection(SolutionConfigurationPlatforms) = preSolution
		Debug|Any CPU = Debug|Any CPU
		Release|Any CPU = Release|Any CPU
	EndGlobalSection
	GlobalSection(ProjectConfigurationPlatforms) = postSolution
		{3815034A-7C8D-4A18-9835-44377BAA2152}.Debug|Any CPU.ActiveCfg = Debug|Any CPU
		{3815034A-7C8D-4A18-9835-44377BAA2152}.Debug|Any CPU.Build.0 = Debug|Any CPU
		{3815034A-7C8D-4A18-9835-44377BAA2152}.Release|Any CPU.ActiveCfg = Release|Any CPU
		{3815034A-7C8D-4A18-9835-44377BAA2152}.Release|Any CPU.Build.0 = Release|Any CPU
	EndGlobalSection
	GlobalSection(SolutionProperties) = preSolution
		HideSolutionNode = FALSE
	EndGlobalSection
	GlobalSection(ExtensibilityGlobals) = postSolution
		SolutionGuid = {73DE6C5D-BE90-41E9-A4CB-E4A86511E345}
	EndGlobalSection
EndGlobal
